{
  "name": "redux-persist-machine",
  "version": "3.0.0",
  "lockfileVersion": 1,
  "requires": true,
  "dependencies": {
    "@types/lodash": {
      "version": "4.14.126",
      "resolved": "https://registry.npmjs.org/@types/lodash/-/lodash-4.14.126.tgz",
      "integrity": "sha512-HxQ+wQnBtnL0LszZrVdMqWIlzZNyKuMLUb6swQ3mo6ysPqpAu7gfnapCQIi0B+Mrf0fNLZh8AWgJs2njejVasg=="
    },
    "lodash": {
      "version": "4.17.19",
      "resolved": "https://registry.npmjs.org/lodash/-/lodash-4.17.19.tgz",
      "integrity": "sha512-JNvd8XER9GQX0v2qJgsaN/mzFCNA5BRe/j8JN9d+tWyGLSodKQHKFicdwNYzWwI3wjRnaKPsGj1XkBjx/F96DQ=="
    }
  }
}
